
Microsoft Visual Studio Solution File, Format Version 12.00
# Visual Studio Version 16
VisualStudioVersion = 16.0.29123.89
MinimumVisualStudioVersion = 10.0.40219.1
Project("{FAE04EC0-301F-11D3-BF4B-00C04F79EFBC}") = "ComputeRayTracing", "ComputeRayTracing\ComputeRayTracing.csproj", "{C8B626F0-A2DD-4B40-B5F2-5BD777E6D979}"
EndProject
Global
	GlobalSection(SolutionConfigurationPlatforms) = preSolution
		Debug|Any CPU = Debug|Any CPU
		Release|Any CPU = Release|Any CPU
	EndGlobalSection
	GlobalSection(ProjectConfigurationPlatforms) = postSolution
		{C8B626F0-A2DD-4B40-B5F2-5BD777E6D979}.Debug|Any CPU.ActiveCfg = Debug|Any CPU
		{C8B626F0-A2DD-4B40-B5F2-5BD777E6D979}.Debug|Any CPU.Build.0 = Debug|Any CPU
		{C8B626F0-A2DD-4B40-B5F2-5BD777E6D979}.Release|Any CPU.ActiveCfg = Release|Any CPU
		{C8B626F0-A2DD-4B40-B5F2-5BD777E6D979}.Release|Any CPU.Build.0 = Release|Any CPU
	EndGlobalSection
	GlobalSection(SolutionProperties) = preSolution
		HideSolutionNode = FALSE
	EndGlobalSection
	GlobalSection(ExtensibilityGlobals) = postSolution
		SolutionGuid = {E25BBD0F-7BD3-4486-A3E1-D35E145B33CE}
	EndGlobalSection
EndGlobal
